
Microsoft Visual Studio Solution File, Format Version 12.00
# Visual Studio 2013
VisualStudioVersion = 12.0.31101.0
MinimumVisualStudioVersion = 10.0.40219.1
Project("{FAE04EC0-301F-11D3-BF4B-00C04F79EFBC}") = "PokerBot", "PokerBot\PokerBot.csproj", "{02F6C602-EE3D-40FB-A743-F33D26886DED}"
EndProject
Project("{FAE04EC0-301F-11D3-BF4B-00C04F79EFBC}") = "PokerBot.Tests", "PokerBot.Tests\PokerBot.Tests.csproj", "{8102176F-C024-42DE-B71E-E6FA398C423A}"
EndProject
Global
	GlobalSection(SolutionConfigurationPlatforms) = preSolution
		Debug|Any CPU = Debug|Any CPU
		Release|Any CPU = Release|Any CPU
	EndGlobalSection
	GlobalSection(ProjectConfigurationPlatforms) = postSolution
		{02F6C602-EE3D-40FB-A743-F33D26886DED}.Debug|Any CPU.ActiveCfg = Debug|Any CPU
		{02F6C602-EE3D-40FB-A743-F33D26886DED}.Debug|Any CPU.Build.0 = Debug|Any CPU
		{02F6C602-EE3D-40FB-A743-F33D26886DED}.Release|Any CPU.ActiveCfg = Release|Any CPU
		{02F6C602-EE3D-40FB-A743-F33D26886DED}.Release|Any CPU.Build.0 = Release|Any CPU
		{8102176F-C024-42DE-B71E-E6FA398C423A}.Debug|Any CPU.ActiveCfg = Debug|Any CPU
		{8102176F-C024-42DE-B71E-E6FA398C423A}.Debug|Any CPU.Build.0 = Debug|Any CPU
		{8102176F-C024-42DE-B71E-E6FA398C423A}.Release|Any CPU.ActiveCfg = Release|Any CPU
		{8102176F-C024-42DE-B71E-E6FA398C423A}.Release|Any CPU.Build.0 = Release|Any CPU
	EndGlobalSection
	GlobalSection(SolutionProperties) = preSolution
		HideSolutionNode = FALSE
	EndGlobalSection
EndGlobal
